
Microsoft Visual Studio Solution File, Format Version 12.00
# Visual Studio Version 17
VisualStudioVersion = 17.7.34221.43
MinimumVisualStudioVersion = 10.0.40219.1
Project("{9A19103F-16F7-4668-BE54-9A1E7A4F7556}") = "Eventmi", "Eventmi\Eventmi.csproj", "{2205474F-C396-4818-A789-7F41ECB03DEC}"
EndProject
Project("{2150E333-8FDC-42A3-9474-1A3956D46DE8}") = "Web", "Web", "{0B9039BB-1DCD-4958-942F-9F405025C73E}"
EndProject
Project("{FAE04EC0-301F-11D3-BF4B-00C04F79EFBC}") = "Eventmi.Common", "Eventmi.Common\Eventmi.Common.csproj", "{DE5D6AED-4B96-46E1-9F8E-7D314869EF36}"
EndProject
Project("{2150E333-8FDC-42A3-9474-1A3956D46DE8}") = "Data", "Data", "{2D55007F-B1A0-41E6-95FC-7413EA2D0B62}"
EndProject
Project("{FAE04EC0-301F-11D3-BF4B-00C04F79EFBC}") = "Eventmi.Data", "Eventmi.Data\Eventmi.Data.csproj", "{EFFA7D77-5FCE-4386-86C5-E4677A223F9B}"
EndProject
Project("{FAE04EC0-301F-11D3-BF4B-00C04F79EFBC}") = "Eventmi.Data.Models", "Eventmi.Data.Models\Eventmi.Data.Models.csproj", "{8F81C66C-1A72-4685-AE8F-538B45035A4E}"
EndProject
Project("{FAE04EC0-301F-11D3-BF4B-00C04F79EFBC}") = "Eventmi.Web.ViewModels", "Eventmi.Web.ViewModels\Eventmi.Web.ViewModels.csproj", "{8A625640-86A6-4A0A-9C02-9DBD1D6B4697}"
EndProject
Project("{2150E333-8FDC-42A3-9474-1A3956D46DE8}") = "Services", "Services", "{0E8A2B9F-5088-4972-89CC-1440094AA3BC}"
EndProject
Project("{FAE04EC0-301F-11D3-BF4B-00C04F79EFBC}") = "Eventmi.Services", "Eventmi.Services\Eventmi.Services.csproj", "{035636AC-2175-454D-8763-2E6F7E4F388A}"
EndProject
Global
	GlobalSection(SolutionConfigurationPlatforms) = preSolution
		Debug|Any CPU = Debug|Any CPU
		Release|Any CPU = Release|Any CPU
	EndGlobalSection
	GlobalSection(ProjectConfigurationPlatforms) = postSolution
		{2205474F-C396-4818-A789-7F41ECB03DEC}.Debug|Any CPU.ActiveCfg = Debug|Any CPU
		{2205474F-C396-4818-A789-7F41ECB03DEC}.Debug|Any CPU.Build.0 = Debug|Any CPU
		{2205474F-C396-4818-A789-7F41ECB03DEC}.Release|Any CPU.ActiveCfg = Release|Any CPU
		{2205474F-C396-4818-A789-7F41ECB03DEC}.Release|Any CPU.Build.0 = Release|Any CPU
		{DE5D6AED-4B96-46E1-9F8E-7D314869EF36}.Debug|Any CPU.ActiveCfg = Debug|Any CPU
		{DE5D6AED-4B96-46E1-9F8E-7D314869EF36}.Debug|Any CPU.Build.0 = Debug|Any CPU
		{DE5D6AED-4B96-46E1-9F8E-7D314869EF36}.Release|Any CPU.ActiveCfg = Release|Any CPU
		{DE5D6AED-4B96-46E1-9F8E-7D314869EF36}.Release|Any CPU.Build.0 = Release|Any CPU
		{EFFA7D77-5FCE-4386-86C5-E4677A223F9B}.Debug|Any CPU.ActiveCfg = Debug|Any CPU
		{EFFA7D77-5FCE-4386-86C5-E4677A223F9B}.Debug|Any CPU.Build.0 = Debug|Any CPU
		{EFFA7D77-5FCE-4386-86C5-E4677A223F9B}.Release|Any CPU.ActiveCfg = Release|Any CPU
		{EFFA7D77-5FCE-4386-86C5-E4677A223F9B}.Release|Any CPU.Build.0 = Release|Any CPU
		{8F81C66C-1A72-4685-AE8F-538B45035A4E}.Debug|Any CPU.ActiveCfg = Debug|Any CPU
		{8F81C66C-1A72-4685-AE8F-538B45035A4E}.Debug|Any CPU.Build.0 = Debug|Any CPU
		{8F81C66C-1A72-4685-AE8F-538B45035A4E}.Release|Any CPU.ActiveCfg = Release|Any CPU
		{8F81C66C-1A72-4685-AE8F-538B45035A4E}.Release|Any CPU.Build.0 = Release|Any CPU
		{8A625640-86A6-4A0A-9C02-9DBD1D6B4697}.Debug|Any CPU.ActiveCfg = Debug|Any CPU
		{8A625640-86A6-4A0A-9C02-9DBD1D6B4697}.Debug|Any CPU.Build.0 = Debug|Any CPU
		{8A625640-86A6-4A0A-9C02-9DBD1D6B4697}.Release|Any CPU.ActiveCfg = Release|Any CPU
		{8A625640-86A6-4A0A-9C02-9DBD1D6B4697}.Release|Any CPU.Build.0 = Release|Any CPU
		{035636AC-2175-454D-8763-2E6F7E4F388A}.Debug|Any CPU.ActiveCfg = Debug|Any CPU
		{035636AC-2175-454D-8763-2E6F7E4F388A}.Debug|Any CPU.Build.0 = Debug|Any CPU
		{035636AC-2175-454D-8763-2E6F7E4F388A}.Release|Any CPU.ActiveCfg = Release|Any CPU
		{035636AC-2175-454D-8763-2E6F7E4F388A}.Release|Any CPU.Build.0 = Release|Any CPU
	EndGlobalSection
	GlobalSection(SolutionProperties) = preSolution
		HideSolutionNode = FALSE
	EndGlobalSection
	GlobalSection(NestedProjects) = preSolution
		{2205474F-C396-4818-A789-7F41ECB03DEC} = {0B9039BB-1DCD-4958-942F-9F405025C73E}
		{EFFA7D77-5FCE-4386-86C5-E4677A223F9B} = {2D55007F-B1A0-41E6-95FC-7413EA2D0B62}
		{8F81C66C-1A72-4685-AE8F-538B45035A4E} = {2D55007F-B1A0-41E6-95FC-7413EA2D0B62}
		{8A625640-86A6-4A0A-9C02-9DBD1D6B4697} = {0B9039BB-1DCD-4958-942F-9F405025C73E}
		{035636AC-2175-454D-8763-2E6F7E4F388A} = {0E8A2B9F-5088-4972-89CC-1440094AA3BC}
	EndGlobalSection
	GlobalSection(ExtensibilityGlobals) = postSolution
		SolutionGuid = {88F14F3E-EA47-4839-9F67-0171B7DF5814}
	EndGlobalSection
EndGlobal
